{
  "originHash" : "2f41831187d1abc3f0ade2d25443b658eb61565e335beaa750c8a51ae0709e94",
  "pins" : [
    {
      "identity" : "swift-cmark",
      "kind" : "remoteSourceControl",
      "location" : "https://github.com/swiftlang/swift-cmark.git",
      "state" : {
        "branch" : "gfm",
        "revision" : "924936d0427cb25a61169739a7660230bffa6ea6"
      }
    },
    {
      "identity" : "swift-markdown",
      "kind" : "remoteSourceControl",
      "location" : "https://github.com/apple/swift-markdown.git",
      "state" : {
        "branch" : "main",
        "revision" : "9b43984b12577548051064599c0b426d95ec4ef8"
      }
    }
  ],
  "version" : 3
}
